
Microsoft Visual Studio Solution File, Format Version 12.00
# Visual Studio Version 16
VisualStudioVersion = 16.0.30503.244
MinimumVisualStudioVersion = 10.0.40219.1
Project("{888888A0-9F3D-457C-B088-3A5042F75D52}") = "GPTdNd", "GPTdNd\GPTdNd.pyproj", "{C3898144-03E6-44C1-B8F5-4CC8170421EB}"
EndProject
Project("{2150E333-8FDC-42A3-9474-1A3956D46DE8}") = "Solution Items", "Solution Items", "{09774F8B-D75B-4B0D-B682-8B081CD5FAF1}"
	ProjectSection(SolutionItems) = preProject
		build_character.html = build_character.html
		char_Build_Roll.js = char_Build_Roll.js
		dice_roll.html = dice_roll.html
		login.html = login.html
		main.css = main.css
		register.html = register.html
		userProfile.html = userProfile.html
	EndProjectSection
EndProject
Global
	GlobalSection(SolutionConfigurationPlatforms) = preSolution
		Debug|Any CPU = Debug|Any CPU
		Release|Any CPU = Release|Any CPU
	EndGlobalSection
	GlobalSection(ProjectConfigurationPlatforms) = postSolution
		{C3898144-03E6-44C1-B8F5-4CC8170421EB}.Debug|Any CPU.ActiveCfg = Debug|Any CPU
		{C3898144-03E6-44C1-B8F5-4CC8170421EB}.Release|Any CPU.ActiveCfg = Release|Any CPU
	EndGlobalSection
	GlobalSection(SolutionProperties) = preSolution
		HideSolutionNode = FALSE
	EndGlobalSection
	GlobalSection(ExtensibilityGlobals) = postSolution
		SolutionGuid = {6F04EB47-C2A0-4FB1-BCDC-5DF82435BBAB}
	EndGlobalSection
EndGlobal
